// !$*UTF8*$!
{
	archiveVersion = 1;
	classes = {
	};
	objectVersion = 46;
	objects = {

/* Begin PBXBuildFile section */
		604DB65F1D96192400337DEC /* AppDelegate.swift in Sources */ = {isa = PBXBuildFile; fileRef = 604DB65E1D96192400337DEC /* AppDelegate.swift */; };
		604DB6641D96192400337DEC /* Main.storyboard in Resources */ = {isa = PBXBuildFile; fileRef = 604DB6621D96192400337DEC /* Main.storyboard */; };
		604DB6661D96192400337DEC /* Assets.xcassets in Resources */ = {isa = PBXBuildFile; fileRef = 604DB6651D96192400337DEC /* Assets.xcassets */; };
		604DB6691D96192400337DEC /* LaunchScreen.storyboard in Resources */ = {isa = PBXBuildFile; fileRef = 604DB6671D96192400337DEC /* LaunchScreen.storyboard */; };
		604DB6741D961A3400337DEC /* LocationManager.swift in Sources */ = {isa = PBXBuildFile; fileRef = 604DB6731D961A3400337DEC /* LocationManager.swift */; };
		604DB6761D961D5D00337DEC /* Intent.swift in Sources */ = {isa = PBXBuildFile; fileRef = 604DB6751D961D5D00337DEC /* Intent.swift */; };
		604DB6781D961D8D00337DEC /* Category.swift in Sources */ = {isa = PBXBuildFile; fileRef = 604DB6771D961D8D00337DEC /* Category.swift */; };
		604DB67A1D961DD600337DEC /* User.swift in Sources */ = {isa = PBXBuildFile; fileRef = 604DB6791D961DD600337DEC /* User.swift */; };
		604DB67C1D961F2900337DEC /* ExploreViewController.swift in Sources */ = {isa = PBXBuildFile; fileRef = 604DB67B1D961F2900337DEC /* ExploreViewController.swift */; };
		604DB67F1D9620D300337DEC /* User+Tests.swift in Sources */ = {isa = PBXBuildFile; fileRef = 604DB67E1D9620D300337DEC /* User+Tests.swift */; };
		604DB6811D96228100337DEC /* ExploreCell.swift in Sources */ = {isa = PBXBuildFile; fileRef = 604DB6801D96228100337DEC /* ExploreCell.swift */; };
/* End PBXBuildFile section */

/* Begin PBXFileReference section */
		604DB65B1D96192400337DEC /* Intentify.app */ = {isa = PBXFileReference; explicitFileType = wrapper.application; includeInIndex = 0; path = Intentify.app; sourceTree = BUILT_PRODUCTS_DIR; };
		604DB65E1D96192400337DEC /* AppDelegate.swift */ = {isa = PBXFileReference; lastKnownFileType = sourcecode.swift; path = AppDelegate.swift; sourceTree = "<group>"; };
		604DB6631D96192400337DEC /* Base */ = {isa = PBXFileReference; lastKnownFileType = file.storyboard; name = Base; path = Base.lproj/Main.storyboard; sourceTree = "<group>"; };
		604DB6651D96192400337DEC /* Assets.xcassets */ = {isa = PBXFileReference; lastKnownFileType = folder.assetcatalog; path = Assets.xcassets; sourceTree = "<group>"; };
		604DB6681D96192400337DEC /* Base */ = {isa = PBXFileReference; lastKnownFileType = file.storyboard; name = Base; path = Base.lproj/LaunchScreen.storyboard; sourceTree = "<group>"; };
		604DB66A1D96192400337DEC /* Info.plist */ = {isa = PBXFileReference; lastKnownFileType = text.plist.xml; path = Info.plist; sourceTree = "<group>"; };
		604DB6731D961A3400337DEC /* LocationManager.swift */ = {isa = PBXFileReference; fileEncoding = 4; lastKnownFileType = sourcecode.swift; path = LocationManager.swift; sourceTree = "<group>"; };
		604DB6751D961D5D00337DEC /* Intent.swift */ = {isa = PBXFileReference; fileEncoding = 4; lastKnownFileType = sourcecode.swift; path = Intent.swift; sourceTree = "<group>"; };
		604DB6771D961D8D00337DEC /* Category.swift */ = {isa = PBXFileReference; fileEncoding = 4; lastKnownFileType = sourcecode.swift; path = Category.swift; sourceTree = "<group>"; };
		604DB6791D961DD600337DEC /* User.swift */ = {isa = PBXFileReference; fileEncoding = 4; lastKnownFileType = sourcecode.swift; path = User.swift; sourceTree = "<group>"; };
		604DB67B1D961F2900337DEC /* ExploreViewController.swift */ = {isa = PBXFileReference; fileEncoding = 4; lastKnownFileType = sourcecode.swift; path = ExploreViewController.swift; sourceTree = "<group>"; };
		604DB67E1D9620D300337DEC /* User+Tests.swift */ = {isa = PBXFileReference; fileEncoding = 4; lastKnownFileType = sourcecode.swift; path = "User+Tests.swift"; sourceTree = "<group>"; };
		604DB6801D96228100337DEC /* ExploreCell.swift */ = {isa = PBXFileReference; fileEncoding = 4; lastKnownFileType = sourcecode.swift; path = ExploreCell.swift; sourceTree = "<group>"; };
/* End PBXFileReference section */

/* Begin PBXFrameworksBuildPhase section */
		604DB6581D96192400337DEC /* Frameworks */ = {
			isa = PBXFrameworksBuildPhase;
			buildActionMask = 2147483647;
			files = (
			);
			runOnlyForDeploymentPostprocessing = 0;
		};
/* End PBXFrameworksBuildPhase section */

/* Begin PBXGroup section */
		604DB6521D96192400337DEC = {
			isa = PBXGroup;
			children = (
				604DB65D1D96192400337DEC /* Intentify */,
				604DB65C1D96192400337DEC /* Products */,
			);
			sourceTree = "<group>";
		};
		604DB65C1D96192400337DEC /* Products */ = {
			isa = PBXGroup;
			children = (
				604DB65B1D96192400337DEC /* Intentify.app */,
			);
			name = Products;
			sourceTree = "<group>";
		};
		604DB65D1D96192400337DEC /* Intentify */ = {
			isa = PBXGroup;
			children = (
				604DB65E1D96192400337DEC /* AppDelegate.swift */,
				604DB6731D961A3400337DEC /* LocationManager.swift */,
				604DB67D1D9620C200337DEC /* Sample Test Code */,
				604DB6721D9619A300337DEC /* Views */,
				604DB6711D96199E00337DEC /* Models */,
				604DB6701D96198C00337DEC /* Controllers */,
				604DB6621D96192400337DEC /* Main.storyboard */,
				604DB6651D96192400337DEC /* Assets.xcassets */,
				604DB6671D96192400337DEC /* LaunchScreen.storyboard */,
				604DB66A1D96192400337DEC /* Info.plist */,
			);
			path = Intentify;
			sourceTree = "<group>";
		};
		604DB6701D96198C00337DEC /* Controllers */ = {
			isa = PBXGroup;
			children = (
				604DB67B1D961F2900337DEC /* ExploreViewController.swift */,
			);
			name = Controllers;
			sourceTree = "<group>";
		};
		604DB6711D96199E00337DEC /* Models */ = {
			isa = PBXGroup;
			children = (
				604DB6751D961D5D00337DEC /* Intent.swift */,
				604DB6771D961D8D00337DEC /* Category.swift */,
				604DB6791D961DD600337DEC /* User.swift */,
			);
			name = Models;
			sourceTree = "<group>";
		};
		604DB6721D9619A300337DEC /* Views */ = {
			isa = PBXGroup;
			children = (
				604DB6801D96228100337DEC /* ExploreCell.swift */,
			);
			name = Views;
			sourceTree = "<group>";
		};
		604DB67D1D9620C200337DEC /* Sample Test Code */ = {
			isa = PBXGroup;
			children = (
				604DB67E1D9620D300337DEC /* User+Tests.swift */,
			);
			name = "Sample Test Code";
			sourceTree = "<group>";
		};
/* End PBXGroup section */

/* Begin PBXNativeTarget section */
		604DB65A1D96192400337DEC /* Intentify */ = {
			isa = PBXNativeTarget;
			buildConfigurationList = 604DB66D1D96192400337DEC /* Build configuration list for PBXNativeTarget "Intentify" */;
			buildPhases = (
				604DB6571D96192400337DEC /* Sources */,
				604DB6581D96192400337DEC /* Frameworks */,
				604DB6591D96192400337DEC /* Resources */,
			);
			buildRules = (
			);
			dependencies = (
			);
			name = Intentify;
			productName = Intentify;
			productReference = 604DB65B1D96192400337DEC /* Intentify.app */;
			productType = "com.apple.product-type.application";
		};
/* End PBXNativeTarget section */

/* Begin PBXProject section */
		604DB6531D96192400337DEC /* Project object */ = {
			isa = PBXProject;
			attributes = {
				LastSwiftUpdateCheck = 0800;
				LastUpgradeCheck = 0800;
				ORGANIZATIONNAME = Kelvin;
				TargetAttributes = {
					604DB65A1D96192400337DEC = {
						CreatedOnToolsVersion = 8.0;
						DevelopmentTeam = 99A58D6B2S;
						ProvisioningStyle = Automatic;
					};
				};
			};
			buildConfigurationList = 604DB6561D96192400337DEC /* Build configuration list for PBXProject "Intentify" */;
			compatibilityVersion = "Xcode 3.2";
			developmentRegion = English;
			hasScannedForEncodings = 0;
			knownRegions = (
				en,
				Base,
			);
			mainGroup = 604DB6521D96192400337DEC;
			productRefGroup = 604DB65C1D96192400337DEC /* Products */;
			projectDirPath = "";
			projectRoot = "";
			targets = (
				604DB65A1D96192400337DEC /* Intentify */,
			);
		};
/* End PBXProject section */

/* Begin PBXResourcesBuildPhase section */
		604DB6591D96192400337DEC /* Resources */ = {
			isa = PBXResourcesBuildPhase;
			buildActionMask = 2147483647;
			files = (
				604DB6691D96192400337DEC /* LaunchScreen.storyboard in Resources */,
				604DB6661D96192400337DEC /* Assets.xcassets in Resources */,
				604DB6641D96192400337DEC /* Main.storyboard in Resources */,
			);
			runOnlyForDeploymentPostprocessing = 0;
		};
/* End PBXResourcesBuildPhase section */

/* Begin PBXSourcesBuildPhase section */
		604DB6571D96192400337DEC /* Sources */ = {
			isa = PBXSourcesBuildPhase;
			buildActionMask = 2147483647;
			files = (
				604DB6741D961A3400337DEC /* LocationManager.swift in Sources */,
				604DB65F1D96192400337DEC /* AppDelegate.swift in Sources */,
				604DB67C1D961F2900337DEC /* ExploreViewController.swift in Sources */,
				604DB6811D96228100337DEC /* ExploreCell.swift in Sources */,
				604DB6761D961D5D00337DEC /* Intent.swift in Sources */,
				604DB67A1D961DD600337DEC /* User.swift in Sources */,
				604DB6781D961D8D00337DEC /* Category.swift in Sources */,
				604DB67F1D9620D300337DEC /* User+Tests.swift in Sources */,
			);
			runOnlyForDeploymentPostprocessing = 0;
		};
/* End PBXSourcesBuildPhase section */

/* Begin PBXVariantGroup section */
		604DB6621D96192400337DEC /* Main.storyboard */ = {
			isa = PBXVariantGroup;
			children = (
				604DB6631D96192400337DEC /* Base */,
			);
			name = Main.storyboard;
			sourceTree = "<group>";
		};
		604DB6671D96192400337DEC /* LaunchScreen.storyboard */ = {
			isa = PBXVariantGroup;
			children = (
				604DB6681D96192400337DEC /* Base */,
			);
			name = LaunchScreen.storyboard;
			sourceTree = "<group>";
		};
/* End PBXVariantGroup section */

/* Begin XCBuildConfiguration section */
		604DB66B1D96192400337DEC /* Debug */ = {
			isa = XCBuildConfiguration;
			buildSettings = {
				ALWAYS_SEARCH_USER_PATHS = NO;
				CLANG_ANALYZER_NONNULL = YES;
				CLANG_CXX_LANGUAGE_STANDARD = "gnu++0x";
				CLANG_CXX_LIBRARY = "libc++";
				CLANG_ENABLE_MODULES = YES;
				CLANG_ENABLE_OBJC_ARC = YES;
				CLANG_WARN_BOOL_CONVERSION = YES;
				CLANG_WARN_CONSTANT_CONVERSION = YES;
				CLANG_WARN_DIRECT_OBJC_ISA_USAGE = YES_ERROR;
				CLANG_WARN_DOCUMENTATION_COMMENTS = YES;
				CLANG_WARN_EMPTY_BODY = YES;
				CLANG_WARN_ENUM_CONVERSION = YES;
				CLANG_WARN_INFINITE_RECURSION = YES;
				CLANG_WARN_INT_CONVERSION = YES;
				CLANG_WARN_OBJC_ROOT_CLASS = YES_ERROR;
				CLANG_WARN_SUSPICIOUS_MOVES = YES;
				CLANG_WARN_UNREACHABLE_CODE = YES;
				CLANG_WARN__DUPLICATE_METHOD_MATCH = YES;
				"CODE_SIGN_IDENTITY[sdk=iphoneos*]" = "iPhone Developer";
				COPY_PHASE_STRIP = NO;
				DEBUG_INFORMATION_FORMAT = dwarf;
				ENABLE_STRICT_OBJC_MSGSEND = YES;
				ENABLE_TESTABILITY = YES;
				GCC_C_LANGUAGE_STANDARD = gnu99;
				GCC_DYNAMIC_NO_PIC = NO;
				GCC_NO_COMMON_BLOCKS = YES;
				GCC_OPTIMIZATION_LEVEL = 0;
				GCC_PREPROCESSOR_DEFINITIONS = (
					"DEBUG=1",
					"$(inherited)",
				);
				GCC_WARN_64_TO_32_BIT_CONVERSION = YES;
				GCC_WARN_ABOUT_RETURN_TYPE = YES_ERROR;
				GCC_WARN_UNDECLARED_SELECTOR = YES;
				GCC_WARN_UNINITIALIZED_AUTOS = YES_AGGRESSIVE;
				GCC_WARN_UNUSED_FUNCTION = YES;
				GCC_WARN_UNUSED_VARIABLE = YES;
				IPHONEOS_DEPLOYMENT_TARGET = 10.0;
				MTL_ENABLE_DEBUG_INFO = YES;
				ONLY_ACTIVE_ARCH = YES;
				SDKROOT = iphoneos;
				SWIFT_ACTIVE_COMPILATION_CONDITIONS = DEBUG;
				SWIFT_OPTIMIZATION_LEVEL = "-Onone";
				TARGETED_DEVICE_FAMILY = "1,2";
			};
			name = Debug;
		};
		604DB66C1D96192400337DEC /* Release */ = {
			isa = XCBuildConfiguration;
			buildSettings = {
				ALWAYS_SEARCH_USER_PATHS = NO;
				CLANG_ANALYZER_NONNULL = YES;
				CLANG_CXX_LANGUAGE_STANDARD = "gnu++0x";
				CLANG_CXX_LIBRARY = "libc++";
				CLANG_ENABLE_MODULES = YES;
				CLANG_ENABLE_OBJC_ARC = YES;
				CLANG_WARN_BOOL_CONVERSION = YES;
				CLANG_WARN_CONSTANT_CONVERSION = YES;
				CLANG_WARN_DIRECT_OBJC_ISA_USAGE = YES_ERROR;
				CLANG_WARN_DOCUMENTATION_COMMENTS = YES;
				CLANG_WARN_EMPTY_BODY = YES;
				CLANG_WARN_ENUM_CONVERSION = YES;
				CLANG_WARN_INFINITE_RECURSION = YES;
				CLANG_WARN_INT_CONVERSION = YES;
				CLANG_WARN_OBJC_ROOT_CLASS = YES_ERROR;
				CLANG_WARN_SUSPICIOUS_MOVES = YES;
				CLANG_WARN_UNREACHABLE_CODE = YES;
				CLANG_WARN__DUPLICATE_METHOD_MATCH = YES;
				"CODE_SIGN_IDENTITY[sdk=iphoneos*]" = "iPhone Developer";
				COPY_PHASE_STRIP = NO;
				DEBUG_INFORMATION_FORMAT = "dwarf-with-dsym";
				ENABLE_NS_ASSERTIONS = NO;
				ENABLE_STRICT_OBJC_MSGSEND = YES;
				GCC_C_LANGUAGE_STANDARD = gnu99;
				GCC_NO_COMMON_BLOCKS = YES;
				GCC_WARN_64_TO_32_BIT_CONVERSION = YES;
				GCC_WARN_ABOUT_RETURN_TYPE = YES_ERROR;
				GCC_WARN_UNDECLARED_SELECTOR = YES;
				GCC_WARN_UNINITIALIZED_AUTOS = YES_AGGRESSIVE;
				GCC_WARN_UNUSED_FUNCTION = YES;
				GCC_WARN_UNUSED_VARIABLE = YES;
				IPHONEOS_DEPLOYMENT_TARGET = 10.0;
				MTL_ENABLE_DEBUG_INFO = NO;
				SDKROOT = iphoneos;
				SWIFT_OPTIMIZATION_LEVEL = "-Owholemodule";
				TARGETED_DEVICE_FAMILY = "1,2";
				VALIDATE_PRODUCT = YES;
			};
			name = Release;
		};
		604DB66E1D96192400337DEC /* Debug */ = {
			isa = XCBuildConfiguration;
			buildSettings = {
				ASSETCATALOG_COMPILER_APPICON_NAME = AppIcon;
				DEVELOPMENT_TEAM = 99A58D6B2S;
				INFOPLIST_FILE = Intentify/Info.plist;
				LD_RUNPATH_SEARCH_PATHS = "$(inherited) @executable_path/Frameworks";
				PRODUCT_BUNDLE_IDENTIFIER = com.Kelvin.Intentify;
				PRODUCT_NAME = "$(TARGET_NAME)";
				SWIFT_VERSION = 3.0;
			};
			name = Debug;
		};
		604DB66F1D96192400337DEC /* Release */ = {
			isa = XCBuildConfiguration;
			buildSettings = {
				ASSETCATALOG_COMPILER_APPICON_NAME = AppIcon;
				DEVELOPMENT_TEAM = 99A58D6B2S;
				INFOPLIST_FILE = Intentify/Info.plist;
				LD_RUNPATH_SEARCH_PATHS = "$(inherited) @executable_path/Frameworks";
				PRODUCT_BUNDLE_IDENTIFIER = com.Kelvin.Intentify;
				PRODUCT_NAME = "$(TARGET_NAME)";
				SWIFT_VERSION = 3.0;
			};
			name = Release;
		};
/* End XCBuildConfiguration section */

/* Begin XCConfigurationList section */
		604DB6561D96192400337DEC /* Build configuration list for PBXProject "Intentify" */ = {
			isa = XCConfigurationList;
			buildConfigurations = (
				604DB66B1D96192400337DEC /* Debug */,
				604DB66C1D96192400337DEC /* Release */,
			);
			defaultConfigurationIsVisible = 0;
			defaultConfigurationName = Release;
		};
		604DB66D1D96192400337DEC /* Build configuration list for PBXNativeTarget "Intentify" */ = {
			isa = XCConfigurationList;
			buildConfigurations = (
				604DB66E1D96192400337DEC /* Debug */,
				604DB66F1D96192400337DEC /* Release */,
			);
			defaultConfigurationIsVisible = 0;
		};
/* End XCConfigurationList section */
	};
	rootObject = 604DB6531D96192400337DEC /* Project object */;
}
